// !$*UTF8*$!
{
	archiveVersion = 1;
	classes = {
	};
	objectVersion = 56;
	objects = {

/* Begin PBXBuildFile section */
		2D0290032B51387000F29AD0 /* GitHubAPIManager.swift in Sources */ = {isa = PBXBuildFile; fileRef = 2D0290022B51387000F29AD0 /* GitHubAPIManager.swift */; };
		2D9240C22B509BEC00835F65 /* AppDelegate.swift in Sources */ = {isa = PBXBuildFile; fileRef = 2D9240C12B509BEC00835F65 /* AppDelegate.swift */; };
		2D9240C42B509BEC00835F65 /* SceneDelegate.swift in Sources */ = {isa = PBXBuildFile; fileRef = 2D9240C32B509BEC00835F65 /* SceneDelegate.swift */; };
		2D9240C62B509BEC00835F65 /* MainViewController.swift in Sources */ = {isa = PBXBuildFile; fileRef = 2D9240C52B509BEC00835F65 /* MainViewController.swift */; };
		2D9240CB2B509BEE00835F65 /* Assets.xcassets in Resources */ = {isa = PBXBuildFile; fileRef = 2D9240CA2B509BEE00835F65 /* Assets.xcassets */; };
		2D9240CE2B509BEE00835F65 /* LaunchScreen.storyboard in Resources */ = {isa = PBXBuildFile; fileRef = 2D9240CC2B509BEE00835F65 /* LaunchScreen.storyboard */; };
		2DBE656F2B5180FE004510C2 /* Repository.swift in Sources */ = {isa = PBXBuildFile; fileRef = 2DBE656E2B5180FE004510C2 /* Repository.swift */; };
		2DBE65712B519189004510C2 /* GitHubRepositoriesPresenter.swift in Sources */ = {isa = PBXBuildFile; fileRef = 2DBE65702B519189004510C2 /* GitHubRepositoriesPresenter.swift */; };
		2DBE65742B519686004510C2 /* RepositoryTableViewCell.swift in Sources */ = {isa = PBXBuildFile; fileRef = 2DBE65732B519686004510C2 /* RepositoryTableViewCell.swift */; };
		2DBE65762B51C0D8004510C2 /* MainViewController+UITableViewDataSource.swift in Sources */ = {isa = PBXBuildFile; fileRef = 2DBE65752B51C0D8004510C2 /* MainViewController+UITableViewDataSource.swift */; };
		2DBE65782B51C939004510C2 /* MainViewController+UITableViewDelegate.swift in Sources */ = {isa = PBXBuildFile; fileRef = 2DBE65772B51C939004510C2 /* MainViewController+UITableViewDelegate.swift */; };
		2DBE657A2B51F76F004510C2 /* Owner.swift in Sources */ = {isa = PBXBuildFile; fileRef = 2DBE65792B51F76F004510C2 /* Owner.swift */; };
/* End PBXBuildFile section */

/* Begin PBXFileReference section */
		2D0290022B51387000F29AD0 /* GitHubAPIManager.swift */ = {isa = PBXFileReference; lastKnownFileType = sourcecode.swift; path = GitHubAPIManager.swift; sourceTree = "<group>"; };
		2D9240BE2B509BEC00835F65 /* GH Repo Search.app */ = {isa = PBXFileReference; explicitFileType = wrapper.application; includeInIndex = 0; path = "GH Repo Search.app"; sourceTree = BUILT_PRODUCTS_DIR; };
		2D9240C12B509BEC00835F65 /* AppDelegate.swift */ = {isa = PBXFileReference; lastKnownFileType = sourcecode.swift; path = AppDelegate.swift; sourceTree = "<group>"; };
		2D9240C32B509BEC00835F65 /* SceneDelegate.swift */ = {isa = PBXFileReference; lastKnownFileType = sourcecode.swift; path = SceneDelegate.swift; sourceTree = "<group>"; };
		2D9240C52B509BEC00835F65 /* MainViewController.swift */ = {isa = PBXFileReference; lastKnownFileType = sourcecode.swift; path = MainViewController.swift; sourceTree = "<group>"; };
		2D9240CA2B509BEE00835F65 /* Assets.xcassets */ = {isa = PBXFileReference; lastKnownFileType = folder.assetcatalog; path = Assets.xcassets; sourceTree = "<group>"; };
		2D9240CD2B509BEE00835F65 /* Base */ = {isa = PBXFileReference; lastKnownFileType = file.storyboard; name = Base; path = Base.lproj/LaunchScreen.storyboard; sourceTree = "<group>"; };
		2D9240CF2B509BEE00835F65 /* Info.plist */ = {isa = PBXFileReference; lastKnownFileType = text.plist.xml; path = Info.plist; sourceTree = "<group>"; };
		2DBE656E2B5180FE004510C2 /* Repository.swift */ = {isa = PBXFileReference; lastKnownFileType = sourcecode.swift; path = Repository.swift; sourceTree = "<group>"; };
		2DBE65702B519189004510C2 /* GitHubRepositoriesPresenter.swift */ = {isa = PBXFileReference; lastKnownFileType = sourcecode.swift; path = GitHubRepositoriesPresenter.swift; sourceTree = "<group>"; };
		2DBE65732B519686004510C2 /* RepositoryTableViewCell.swift */ = {isa = PBXFileReference; lastKnownFileType = sourcecode.swift; path = RepositoryTableViewCell.swift; sourceTree = "<group>"; };
		2DBE65752B51C0D8004510C2 /* MainViewController+UITableViewDataSource.swift */ = {isa = PBXFileReference; lastKnownFileType = sourcecode.swift; path = "MainViewController+UITableViewDataSource.swift"; sourceTree = "<group>"; };
		2DBE65772B51C939004510C2 /* MainViewController+UITableViewDelegate.swift */ = {isa = PBXFileReference; lastKnownFileType = sourcecode.swift; path = "MainViewController+UITableViewDelegate.swift"; sourceTree = "<group>"; };
		2DBE65792B51F76F004510C2 /* Owner.swift */ = {isa = PBXFileReference; lastKnownFileType = sourcecode.swift; path = Owner.swift; sourceTree = "<group>"; };
/* End PBXFileReference section */

/* Begin PBXFrameworksBuildPhase section */
		2D9240BB2B509BEC00835F65 /* Frameworks */ = {
			isa = PBXFrameworksBuildPhase;
			buildActionMask = 2147483647;
			files = (
			);
			runOnlyForDeploymentPostprocessing = 0;
		};
/* End PBXFrameworksBuildPhase section */

/* Begin PBXGroup section */
		2D0290012B51384100F29AD0 /* Managers */ = {
			isa = PBXGroup;
			children = (
				2D0290022B51387000F29AD0 /* GitHubAPIManager.swift */,
			);
			path = Managers;
			sourceTree = "<group>";
		};
		2D9240B52B509BEB00835F65 = {
			isa = PBXGroup;
			children = (
				2D9240C02B509BEC00835F65 /* GH Repo Search */,
				2D9240BF2B509BEC00835F65 /* Products */,
			);
			sourceTree = "<group>";
		};
		2D9240BF2B509BEC00835F65 /* Products */ = {
			isa = PBXGroup;
			children = (
				2D9240BE2B509BEC00835F65 /* GH Repo Search.app */,
			);
			name = Products;
			sourceTree = "<group>";
		};
		2D9240C02B509BEC00835F65 /* GH Repo Search */ = {
			isa = PBXGroup;
			children = (
				2D0290012B51384100F29AD0 /* Managers */,
				2DBE65722B519214004510C2 /* RepositoriySelectScreen */,
				2D9240D82B50A67200835F65 /* Supported files */,
				2D9240CF2B509BEE00835F65 /* Info.plist */,
			);
			path = "GH Repo Search";
			sourceTree = "<group>";
		};
		2D9240D52B50A61F00835F65 /* Model */ = {
			isa = PBXGroup;
			children = (
				2DBE656E2B5180FE004510C2 /* Repository.swift */,
				2DBE65792B51F76F004510C2 /* Owner.swift */,
			);
			path = Model;
			sourceTree = "<group>";
		};
		2D9240D62B50A62A00835F65 /* Views */ = {
			isa = PBXGroup;
			children = (
				2DBE65732B519686004510C2 /* RepositoryTableViewCell.swift */,
				2D9240C52B509BEC00835F65 /* MainViewController.swift */,
				2DBE65752B51C0D8004510C2 /* MainViewController+UITableViewDataSource.swift */,
				2DBE65772B51C939004510C2 /* MainViewController+UITableViewDelegate.swift */,
			);
			path = Views;
			sourceTree = "<group>";
		};
		2D9240D72B50A63400835F65 /* Presenters */ = {
			isa = PBXGroup;
			children = (
				2DBE65702B519189004510C2 /* GitHubRepositoriesPresenter.swift */,
			);
			path = Presenters;
			sourceTree = "<group>";
		};
		2D9240D82B50A67200835F65 /* Supported files */ = {
			isa = PBXGroup;
			children = (
				2D9240CC2B509BEE00835F65 /* LaunchScreen.storyboard */,
				2D9240C12B509BEC00835F65 /* AppDelegate.swift */,
				2D9240C32B509BEC00835F65 /* SceneDelegate.swift */,
				2D9240CA2B509BEE00835F65 /* Assets.xcassets */,
			);
			path = "Supported files";
			sourceTree = "<group>";
		};
		2DBE65722B519214004510C2 /* RepositoriySelectScreen */ = {
			isa = PBXGroup;
			children = (
				2D9240D52B50A61F00835F65 /* Model */,
				2D9240D62B50A62A00835F65 /* Views */,
				2D9240D72B50A63400835F65 /* Presenters */,
			);
			path = RepositoriySelectScreen;
			sourceTree = "<group>";
		};
/* End PBXGroup section */

/* Begin PBXNativeTarget section */
		2D9240BD2B509BEC00835F65 /* GH Repo Search */ = {
			isa = PBXNativeTarget;
			buildConfigurationList = 2D9240D22B509BEE00835F65 /* Build configuration list for PBXNativeTarget "GH Repo Search" */;
			buildPhases = (
				2D9240BA2B509BEC00835F65 /* Sources */,
				2D9240BB2B509BEC00835F65 /* Frameworks */,
				2D9240BC2B509BEC00835F65 /* Resources */,
			);
			buildRules = (
			);
			dependencies = (
			);
			name = "GH Repo Search";
			productName = "GH Repo Search";
			productReference = 2D9240BE2B509BEC00835F65 /* GH Repo Search.app */;
			productType = "com.apple.product-type.application";
		};
/* End PBXNativeTarget section */

/* Begin PBXProject section */
		2D9240B62B509BEB00835F65 /* Project object */ = {
			isa = PBXProject;
			attributes = {
				BuildIndependentTargetsInParallel = 1;
				LastSwiftUpdateCheck = 1430;
				LastUpgradeCheck = 1430;
				TargetAttributes = {
					2D9240BD2B509BEC00835F65 = {
						CreatedOnToolsVersion = 14.3.1;
					};
				};
			};
			buildConfigurationList = 2D9240B92B509BEB00835F65 /* Build configuration list for PBXProject "GH Repo Search" */;
			compatibilityVersion = "Xcode 14.0";
			developmentRegion = en;
			hasScannedForEncodings = 0;
			knownRegions = (
				en,
				Base,
			);
			mainGroup = 2D9240B52B509BEB00835F65;
			productRefGroup = 2D9240BF2B509BEC00835F65 /* Products */;
			projectDirPath = "";
			projectRoot = "";
			targets = (
				2D9240BD2B509BEC00835F65 /* GH Repo Search */,
			);
		};
/* End PBXProject section */

/* Begin PBXResourcesBuildPhase section */
		2D9240BC2B509BEC00835F65 /* Resources */ = {
			isa = PBXResourcesBuildPhase;
			buildActionMask = 2147483647;
			files = (
				2D9240CE2B509BEE00835F65 /* LaunchScreen.storyboard in Resources */,
				2D9240CB2B509BEE00835F65 /* Assets.xcassets in Resources */,
			);
			runOnlyForDeploymentPostprocessing = 0;
		};
/* End PBXResourcesBuildPhase section */

/* Begin PBXSourcesBuildPhase section */
		2D9240BA2B509BEC00835F65 /* Sources */ = {
			isa = PBXSourcesBuildPhase;
			buildActionMask = 2147483647;
			files = (
				2D9240C62B509BEC00835F65 /* MainViewController.swift in Sources */,
				2DBE65782B51C939004510C2 /* MainViewController+UITableViewDelegate.swift in Sources */,
				2DBE65712B519189004510C2 /* GitHubRepositoriesPresenter.swift in Sources */,
				2DBE657A2B51F76F004510C2 /* Owner.swift in Sources */,
				2DBE65742B519686004510C2 /* RepositoryTableViewCell.swift in Sources */,
				2D0290032B51387000F29AD0 /* GitHubAPIManager.swift in Sources */,
				2DBE65762B51C0D8004510C2 /* MainViewController+UITableViewDataSource.swift in Sources */,
				2DBE656F2B5180FE004510C2 /* Repository.swift in Sources */,
				2D9240C22B509BEC00835F65 /* AppDelegate.swift in Sources */,
				2D9240C42B509BEC00835F65 /* SceneDelegate.swift in Sources */,
			);
			runOnlyForDeploymentPostprocessing = 0;
		};
/* End PBXSourcesBuildPhase section */

/* Begin PBXVariantGroup section */
		2D9240CC2B509BEE00835F65 /* LaunchScreen.storyboard */ = {
			isa = PBXVariantGroup;
			children = (
				2D9240CD2B509BEE00835F65 /* Base */,
			);
			name = LaunchScreen.storyboard;
			sourceTree = "<group>";
		};
/* End PBXVariantGroup section */

/* Begin XCBuildConfiguration section */
		2D9240D02B509BEE00835F65 /* Debug */ = {
			isa = XCBuildConfiguration;
			buildSettings = {
				ALWAYS_SEARCH_USER_PATHS = NO;
				CLANG_ANALYZER_NONNULL = YES;
				CLANG_ANALYZER_NUMBER_OBJECT_CONVERSION = YES_AGGRESSIVE;
				CLANG_CXX_LANGUAGE_STANDARD = "gnu++20";
				CLANG_ENABLE_MODULES = YES;
				CLANG_ENABLE_OBJC_ARC = YES;
				CLANG_ENABLE_OBJC_WEAK = YES;
				CLANG_WARN_BLOCK_CAPTURE_AUTORELEASING = YES;
				CLANG_WARN_BOOL_CONVERSION = YES;
				CLANG_WARN_COMMA = YES;
				CLANG_WARN_CONSTANT_CONVERSION = YES;
				CLANG_WARN_DEPRECATED_OBJC_IMPLEMENTATIONS = YES;
				CLANG_WARN_DIRECT_OBJC_ISA_USAGE = YES_ERROR;
				CLANG_WARN_DOCUMENTATION_COMMENTS = YES;
				CLANG_WARN_EMPTY_BODY = YES;
				CLANG_WARN_ENUM_CONVERSION = YES;
				CLANG_WARN_INFINITE_RECURSION = YES;
				CLANG_WARN_INT_CONVERSION = YES;
				CLANG_WARN_NON_LITERAL_NULL_CONVERSION = YES;
				CLANG_WARN_OBJC_IMPLICIT_RETAIN_SELF = YES;
				CLANG_WARN_OBJC_LITERAL_CONVERSION = YES;
				CLANG_WARN_OBJC_ROOT_CLASS = YES_ERROR;
				CLANG_WARN_QUOTED_INCLUDE_IN_FRAMEWORK_HEADER = YES;
				CLANG_WARN_RANGE_LOOP_ANALYSIS = YES;
				CLANG_WARN_STRICT_PROTOTYPES = YES;
				CLANG_WARN_SUSPICIOUS_MOVE = YES;
				CLANG_WARN_UNGUARDED_AVAILABILITY = YES_AGGRESSIVE;
				CLANG_WARN_UNREACHABLE_CODE = YES;
				CLANG_WARN__DUPLICATE_METHOD_MATCH = YES;
				COPY_PHASE_STRIP = NO;
				DEBUG_INFORMATION_FORMAT = dwarf;
				ENABLE_STRICT_OBJC_MSGSEND = YES;
				ENABLE_TESTABILITY = YES;
				GCC_C_LANGUAGE_STANDARD = gnu11;
				GCC_DYNAMIC_NO_PIC = NO;
				GCC_NO_COMMON_BLOCKS = YES;
				GCC_OPTIMIZATION_LEVEL = 0;
				GCC_PREPROCESSOR_DEFINITIONS = (
					"DEBUG=1",
					"$(inherited)",
				);
				GCC_WARN_64_TO_32_BIT_CONVERSION = YES;
				GCC_WARN_ABOUT_RETURN_TYPE = YES_ERROR;
				GCC_WARN_UNDECLARED_SELECTOR = YES;
				GCC_WARN_UNINITIALIZED_AUTOS = YES_AGGRESSIVE;
				GCC_WARN_UNUSED_FUNCTION = YES;
				GCC_WARN_UNUSED_VARIABLE = YES;
				IPHONEOS_DEPLOYMENT_TARGET = 16.4;
				MTL_ENABLE_DEBUG_INFO = INCLUDE_SOURCE;
				MTL_FAST_MATH = YES;
				ONLY_ACTIVE_ARCH = YES;
				SDKROOT = iphoneos;
				SWIFT_ACTIVE_COMPILATION_CONDITIONS = DEBUG;
				SWIFT_OPTIMIZATION_LEVEL = "-Onone";
			};
			name = Debug;
		};
		2D9240D12B509BEE00835F65 /* Release */ = {
			isa = XCBuildConfiguration;
			buildSettings = {
				ALWAYS_SEARCH_USER_PATHS = NO;
				CLANG_ANALYZER_NONNULL = YES;
				CLANG_ANALYZER_NUMBER_OBJECT_CONVERSION = YES_AGGRESSIVE;
				CLANG_CXX_LANGUAGE_STANDARD = "gnu++20";
				CLANG_ENABLE_MODULES = YES;
				CLANG_ENABLE_OBJC_ARC = YES;
				CLANG_ENABLE_OBJC_WEAK = YES;
				CLANG_WARN_BLOCK_CAPTURE_AUTORELEASING = YES;
				CLANG_WARN_BOOL_CONVERSION = YES;
				CLANG_WARN_COMMA = YES;
				CLANG_WARN_CONSTANT_CONVERSION = YES;
				CLANG_WARN_DEPRECATED_OBJC_IMPLEMENTATIONS = YES;
				CLANG_WARN_DIRECT_OBJC_ISA_USAGE = YES_ERROR;
				CLANG_WARN_DOCUMENTATION_COMMENTS = YES;
				CLANG_WARN_EMPTY_BODY = YES;
				CLANG_WARN_ENUM_CONVERSION = YES;
				CLANG_WARN_INFINITE_RECURSION = YES;
				CLANG_WARN_INT_CONVERSION = YES;
				CLANG_WARN_NON_LITERAL_NULL_CONVERSION = YES;
				CLANG_WARN_OBJC_IMPLICIT_RETAIN_SELF = YES;
				CLANG_WARN_OBJC_LITERAL_CONVERSION = YES;
				CLANG_WARN_OBJC_ROOT_CLASS = YES_ERROR;
				CLANG_WARN_QUOTED_INCLUDE_IN_FRAMEWORK_HEADER = YES;
				CLANG_WARN_RANGE_LOOP_ANALYSIS = YES;
				CLANG_WARN_STRICT_PROTOTYPES = YES;
				CLANG_WARN_SUSPICIOUS_MOVE = YES;
				CLANG_WARN_UNGUARDED_AVAILABILITY = YES_AGGRESSIVE;
				CLANG_WARN_UNREACHABLE_CODE = YES;
				CLANG_WARN__DUPLICATE_METHOD_MATCH = YES;
				COPY_PHASE_STRIP = NO;
				DEBUG_INFORMATION_FORMAT = "dwarf-with-dsym";
				ENABLE_NS_ASSERTIONS = NO;
				ENABLE_STRICT_OBJC_MSGSEND = YES;
				GCC_C_LANGUAGE_STANDARD = gnu11;
				GCC_NO_COMMON_BLOCKS = YES;
				GCC_WARN_64_TO_32_BIT_CONVERSION = YES;
				GCC_WARN_ABOUT_RETURN_TYPE = YES_ERROR;
				GCC_WARN_UNDECLARED_SELECTOR = YES;
				GCC_WARN_UNINITIALIZED_AUTOS = YES_AGGRESSIVE;
				GCC_WARN_UNUSED_FUNCTION = YES;
				GCC_WARN_UNUSED_VARIABLE = YES;
				IPHONEOS_DEPLOYMENT_TARGET = 16.4;
				MTL_ENABLE_DEBUG_INFO = NO;
				MTL_FAST_MATH = YES;
				SDKROOT = iphoneos;
				SWIFT_COMPILATION_MODE = wholemodule;
				SWIFT_OPTIMIZATION_LEVEL = "-O";
				VALIDATE_PRODUCT = YES;
			};
			name = Release;
		};
		2D9240D32B509BEE00835F65 /* Debug */ = {
			isa = XCBuildConfiguration;
			buildSettings = {
				ASSETCATALOG_COMPILER_APPICON_NAME = AppIcon;
				ASSETCATALOG_COMPILER_GLOBAL_ACCENT_COLOR_NAME = AccentColor;
				CODE_SIGN_STYLE = Automatic;
				CURRENT_PROJECT_VERSION = 1;
				DEVELOPMENT_TEAM = BZ8RNUV8HS;
				GENERATE_INFOPLIST_FILE = YES;
				INFOPLIST_FILE = "GH Repo Search/Info.plist";
				INFOPLIST_KEY_UIApplicationSupportsIndirectInputEvents = YES;
				INFOPLIST_KEY_UILaunchStoryboardName = LaunchScreen;
				INFOPLIST_KEY_UISupportedInterfaceOrientations_iPad = "UIInterfaceOrientationPortrait UIInterfaceOrientationPortraitUpsideDown UIInterfaceOrientationLandscapeLeft UIInterfaceOrientationLandscapeRight";
				INFOPLIST_KEY_UISupportedInterfaceOrientations_iPhone = "UIInterfaceOrientationPortrait UIInterfaceOrientationLandscapeLeft UIInterfaceOrientationLandscapeRight";
				IPHONEOS_DEPLOYMENT_TARGET = 15.6;
				LD_RUNPATH_SEARCH_PATHS = (
					"$(inherited)",
					"@executable_path/Frameworks",
				);
				MARKETING_VERSION = 1.0;
				PRODUCT_BUNDLE_IDENTIFIER = "com.amrmohamad.GH-Repo-Search";
				PRODUCT_NAME = "$(TARGET_NAME)";
				SWIFT_EMIT_LOC_STRINGS = YES;
				SWIFT_VERSION = 5.0;
				TARGETED_DEVICE_FAMILY = "1,2";
			};
			name = Debug;
		};
		2D9240D42B509BEE00835F65 /* Release */ = {
			isa = XCBuildConfiguration;
			buildSettings = {
				ASSETCATALOG_COMPILER_APPICON_NAME = AppIcon;
				ASSETCATALOG_COMPILER_GLOBAL_ACCENT_COLOR_NAME = AccentColor;
				CODE_SIGN_STYLE = Automatic;
				CURRENT_PROJECT_VERSION = 1;
				DEVELOPMENT_TEAM = BZ8RNUV8HS;
				GENERATE_INFOPLIST_FILE = YES;
				INFOPLIST_FILE = "GH Repo Search/Info.plist";
				INFOPLIST_KEY_UIApplicationSupportsIndirectInputEvents = YES;
				INFOPLIST_KEY_UILaunchStoryboardName = LaunchScreen;
				INFOPLIST_KEY_UISupportedInterfaceOrientations_iPad = "UIInterfaceOrientationPortrait UIInterfaceOrientationPortraitUpsideDown UIInterfaceOrientationLandscapeLeft UIInterfaceOrientationLandscapeRight";
				INFOPLIST_KEY_UISupportedInterfaceOrientations_iPhone = "UIInterfaceOrientationPortrait UIInterfaceOrientationLandscapeLeft UIInterfaceOrientationLandscapeRight";
				IPHONEOS_DEPLOYMENT_TARGET = 15.6;
				LD_RUNPATH_SEARCH_PATHS = (
					"$(inherited)",
					"@executable_path/Frameworks",
				);
				MARKETING_VERSION = 1.0;
				PRODUCT_BUNDLE_IDENTIFIER = "com.amrmohamad.GH-Repo-Search";
				PRODUCT_NAME = "$(TARGET_NAME)";
				SWIFT_EMIT_LOC_STRINGS = YES;
				SWIFT_VERSION = 5.0;
				TARGETED_DEVICE_FAMILY = "1,2";
			};
			name = Release;
		};
/* End XCBuildConfiguration section */

/* Begin XCConfigurationList section */
		2D9240B92B509BEB00835F65 /* Build configuration list for PBXProject "GH Repo Search" */ = {
			isa = XCConfigurationList;
			buildConfigurations = (
				2D9240D02B509BEE00835F65 /* Debug */,
				2D9240D12B509BEE00835F65 /* Release */,
			);
			defaultConfigurationIsVisible = 0;
			defaultConfigurationName = Release;
		};
		2D9240D22B509BEE00835F65 /* Build configuration list for PBXNativeTarget "GH Repo Search" */ = {
			isa = XCConfigurationList;
			buildConfigurations = (
				2D9240D32B509BEE00835F65 /* Debug */,
				2D9240D42B509BEE00835F65 /* Release */,
			);
			defaultConfigurationIsVisible = 0;
			defaultConfigurationName = Release;
		};
/* End XCConfigurationList section */
	};
	rootObject = 2D9240B62B509BEB00835F65 /* Project object */;
}
